cel.dev/expr v0.19.1 h1:NciYrtDRIR0lNCnH1LFJegdjspNx9fI59O7TWcua/W4=
cel.dev/expr v0.19.1/go.mod h1:MrpN08Q+lEBs+bGYdLxxHkZoUSsCp0nSKTs0nTymJgw=
filippo.io/edwards25519 v1.1.0 h1:FNf4tywRC1HmFuKW5xopWpigGjJKiJSV0Cqo0cJWDaA=
filippo.io/edwards25519 v1.1.0/go.mod h1:BxyFTGdWcka3PhytdK4V28tE5sGfRvvvRV7EaN4VDT4=
github.com/antlr4-go/antlr/v4 v4.13.0 h1:lxCg3LAv+EUK6t1i0y1V6/SLeUi0eKEKdhQAlS8TVTI=
github.com/antlr4-go/antlr/v4 v4.13.0/go.mod h1:pfChB/xh/Unjila75QW7+VU4TSnWnnk9UTnmpPaOR2g=
github.com/c-bata/go-prompt v0.2.6 h1:POP+nrHE+DfLYx370bedwNhsqmpCUynWPxuHi0C5vZI=
github.com/c-bata/go-prompt v0.2.6/go.mod h1:/LMAke8wD2FsNu9EXNdHxNLbd9MedkPnCdfpU9wwHfY=
github.com/corpix/uarand v0.2.0 h1:U98xXwud/AVuCpkpgfPF7J5TQgr7R5tqT8VZP5KWbzE=
github.com/corpix/uarand v0.2.0/go.mod h1:/3Z1QIqWkDIhf6XWn/08/uMHoQ8JUoTIKc2iPchBOmM=
github.com/davecgh/go-spew v1.1.0/go.mod h1:J7Y8YcW2NihsgmVo/mv3lAwl/skON4iLHjSsI+c5H38=
github.com/davecgh/go-spew v1.1.1 h1:vj9j/u1bqnvCEfJOwUhtlOARqs3+rkHYY13jYWTU97c=
github.com/davecgh/go-spew v1.1.1/go.mod h1:J7Y8YcW2NihsgmVo/mv3lAwl/skON4iLHjSsI+c5H38=
github.com/fatih/color v1.18.0 h1:S8gINlzdQ840/4pfAwic/ZE0djQEH3wM94VfqLTZcOM=
github.com/fatih/color v1.18.0/go.mod h1:4FelSpRwEGDpQ12mAdzqdOukCy4u8WUtOY6lkT/6HfU=
github.com/go-sql-driver/mysql v1.9.2 h1:4cNKDYQ1I84SXslGddlsrMhc8k4LeDVj6Ad6WRjiHuU=
github.com/go-sql-driver/mysql v1.9.2/go.mod h1:qn46aNg1333BRMNU69Lq93t8du/dwxI64Gl8i5p1WMU=
github.com/google/cel-go v0.24.1 h1:jsBCtxG8mM5wiUJDSGUqU0K7Mtr3w7Eyv00rw4DiZxI=
github.com/google/cel-go v0.24.1/go.mod h1:Hdf9TqOaTNSFQA1ybQaRqATVoK7m/zcf7IMhGXP5zI8=
github.com/google/go-cmp v0.6.0 h1:ofyhxvXcZhMsU5ulbFiLKl/XBFqE1GSq7atu8tAmTRI=
github.com/google/go-cmp v0.6.0/go.mod h1:17dUlkBOakJ0+DkrSSNjCkIjxS6bF9zb3elmeNGIjoY=
github.com/hashicorp/errwrap v1.0.0 h1:hLrqtEDnRye3+sgx6z4qVLNuviH3MR5aQ0ykNJa/UYA=
github.com/hashicorp/errwrap v1.0.0/go.mod h1:YH+1FKiLXxHSkmPseP+kNlulaMuP3n2brvKWEqk/Jc4=
github.com/hashicorp/go-multierror v1.1.1 h1:H5DkEtf6CXdFp0N0Em5UCwQpXMWke8IA0+lD48awMYo=
github.com/hashicorp/go-multierror v1.1.1/go.mod h1:iw975J/qwKPdAO1clOe2L8331t/9/fmwbPZ6JB6eMoM=
github.com/jlaffaye/ftp v0.2.0 h1:lXNvW7cBu7R/68bknOX3MrRIIqZ61zELs1P2RAiA3lg=
github.com/jlaffaye/ftp v0.2.0/go.mod h1:is2Ds5qkhceAPy2xD6RLI6hmp/qysSoymZ+Z2uTnspI=
github.com/mattn/go-colorable v0.1.4/go.mod h1:U0ppj6V5qS13XJ6of8GYAs25YV2eR4EVcfRqFIhoBtE=
github.com/mattn/go-colorable v0.1.7/go.mod h1:u6P/XSegPjTcexA+o6vUJrdnUu04hMope9wVRipJSqc=
github.com/mattn/go-colorable v0.1.13 h1:fFA4WZxdEF4tXPZVKMLwD8oUnCTTo08duU7wxecdEvA=
github.com/mattn/go-colorable v0.1.13/go.mod h1:7S9/ev0klgBDR4GtXTXX8a3vIGJpMovkB8vQcUbaXHg=
github.com/mattn/go-isatty v0.0.8/go.mod h1:Iq45c/XA43vh69/j3iqttzPXn0bhXyGjM0Hdxcsrc5s=
github.com/mattn/go-isatty v0.0.10/go.mod h1:qgIWMr58cqv1PHHyhnkY9lrL7etaEgOFcMEpPG5Rm84=
github.com/mattn/go-isatty v0.0.12/go.mod h1:cbi8OIDigv2wuxKPP5vlRcQ1OAZbq2CE4Kysco4FUpU=
github.com/mattn/go-isatty v0.0.16/go.mod h1:kYGgaQfpe5nmfYZH+SKPsOc2e4SrIfOl2e/yFXSvRLM=
github.com/mattn/go-isatty v0.0.20 h1:xfD0iDuEKnDkl03q4limB+vH+GxLEtL/jb4xVJSWWEY=
github.com/mattn/go-isatty v0.0.20/go.mod h1:W+V8PltTTMOvKvAeJH7IuucS94S2C6jfK/D7dTCTo3Y=
github.com/mattn/go-runewidth v0.0.6/go.mod h1:H031xJmbD/WCDINGzjvQ9THkh0rPKHF+m2gUSrubnMI=
github.com/mattn/go-runewidth v0.0.9 h1:Lm995f3rfxdpd6TSmuVCHVb/QhupuXlYr8sCI/QdE+0=
github.com/mattn/go-runewidth v0.0.9/go.mod h1:H031xJmbD/WCDINGzjvQ9THkh0rPKHF+m2gUSrubnMI=
github.com/mattn/go-tty v0.0.3 h1:5OfyWorkyO7xP52Mq7tB36ajHDG5OHrmBGIS/DtakQI=
github.com/mattn/go-tty v0.0.3/go.mod h1:ihxohKRERHTVzN+aSVRwACLCeqIoZAWpoICkkvrWyR0=
github.com/nerowander/MultiCheck/ExploitScan v0.0.0-20250424134650-d5e8424bf2a3 h1:2aTMNPnYd2sGd1I0N+R/Sncp4ZFLBFAbHlfXbeEi/rc=
github.com/nerowander/MultiCheck/ExploitScan v0.0.0-20250424134650-d5e8424bf2a3/go.mod h1:rgrJeIfsxchzj1OkUTZClckFTHorxgiabPzSqFAWpiM=
github.com/nerowander/MultiCheck/ExploitScan v0.0.0-20250505072846-e5961bae722c h1:m5fvT3uFlhA+QGlxjnWF7nAYOHxu0Ej9BbFWkNeGots=
github.com/nerowander/MultiCheck/ExploitScan v0.0.0-20250505072846-e5961bae722c/go.mod h1:noS+RH6O0KaO+ReibvrPUQQGMPHJyM/1GRg1V7CWdeI=
github.com/nerowander/MultiCheck/ExploitScan v0.0.0-20250506023406-4c70588f1be3 h1:mHdnPnYK5hyqffQb1tKSikz7uHgEeN6qKsDfxCEX5Q0=
github.com/nerowander/MultiCheck/ExploitScan v0.0.0-20250506023406-4c70588f1be3/go.mod h1:tZIBDrMY7tFjuEfl/fyLkpzVKWyWG2A8X/z4QW1oRwI=
github.com/nerowander/MultiCheck/ExploitScan v0.0.0-20250507014416-523dd4f99d4d h1:2OHm2jAMWzd2EhcOpiGu4dHI37p2GmPD1t8hVgvB9uU=
github.com/nerowander/MultiCheck/ExploitScan v0.0.0-20250507014416-523dd4f99d4d/go.mod h1:fnabDPdVsuGrVMwQQDIamFPlgbLFPfCcxgC4EI4+PSc=
github.com/nerowander/MultiCheck/ExploitScan v0.0.0-20250507025356-6bb8ba26524c h1:iHRApUxzX1yy6KIExwBPWXDC+mNUDRM12/scjL1iqVU=
github.com/nerowander/MultiCheck/ExploitScan v0.0.0-20250507025356-6bb8ba26524c/go.mod h1:xUlbEKRqmIqsfVodCAo4SHtTKfk34TDGYUmsmdoCgyc=
github.com/nerowander/MultiCheck/InformationScan v0.0.0-20250424134650-d5e8424bf2a3/go.mod h1:Zhdq63DltRP/HLYVnxUMZrxyXL21ENLVRmenZznFIh4=
github.com/nerowander/MultiCheck/InformationScan v0.0.0-20250505072846-e5961bae722c h1:CICucnFp2DjYegapW0WItqjsrOgFfeSUb9eVq8+NF9E=
github.com/nerowander/MultiCheck/InformationScan v0.0.0-20250505072846-e5961bae722c/go.mod h1:oPiUcGSwSeQGUqDL+pQWQAg6c6Q4Q5R1zV7WTHo7CuE=
github.com/nerowander/MultiCheck/InformationScan v0.0.0-20250506023406-4c70588f1be3 h1:QX/WpLk/5qF3X5/DcC4YkzBCygKAPkxP/dZ7heJU2jg=
github.com/nerowander/MultiCheck/InformationScan v0.0.0-20250506023406-4c70588f1be3/go.mod h1:lWCpbnN0yLB/GsW2MQFta450Q/SGKAdc3V088eNaPJM=
github.com/nerowander/MultiCheck/InformationScan v0.0.0-20250507014416-523dd4f99d4d h1:70AUSBFfuvJDVvJBWSm6XKiwTE6b8HLCEm+V2xAR0ys=
github.com/nerowander/MultiCheck/InformationScan v0.0.0-20250507014416-523dd4f99d4d/go.mod h1:Xigvyi43/B7yuguhJYPGKAKCMv8E2tn55ocC5HXHNzM=
github.com/nerowander/MultiCheck/InformationScan v0.0.0-20250507025356-6bb8ba26524c h1:8RSPUCBVwHI3HWcDpqj6dHn8YBgWjNNM9XLdfsMM1kQ=
github.com/nerowander/MultiCheck/InformationScan v0.0.0-20250507025356-6bb8ba26524c/go.mod h1:sxssu3EFD1FNwBtYsNaRQly7mOhZXbubMarsr0sIOVo=
github.com/nerowander/MultiCheck/PocScan v0.0.0-20250424134650-d5e8424bf2a3 h1:DcX7dm6innz5Zl4+AjW8B+j8yqzdUkUP7MM8wrlkOG4=
github.com/nerowander/MultiCheck/PocScan v0.0.0-20250424134650-d5e8424bf2a3/go.mod h1:zJXcRn1TwNm3hPOeYFuJrEAgPJGF4YHIVCVt+eGjrW8=
github.com/nerowander/MultiCheck/PocScan v0.0.0-20250505072846-e5961bae722c h1:b2KuRZBqkd88imyia2ATm4ag/CIeUpUjlQSeTW9kKtA=
github.com/nerowander/MultiCheck/PocScan v0.0.0-20250505072846-e5961bae722c/go.mod h1:Vi7nzB/pHRIuy2T1t4AYUTIyzJbIq4Vj0L0HP8p3SEs=
github.com/nerowander/MultiCheck/PocScan v0.0.0-20250506023406-4c70588f1be3 h1:TzC1E8xPntEJsGAM8rw56vJLBqO/PW8PqwnSTFVbERc=
github.com/nerowander/MultiCheck/PocScan v0.0.0-20250506023406-4c70588f1be3/go.mod h1:z6cxxt2aWMtbo3rTWyG+49x16Ds2jJFbYq9QxiFn3G0=
github.com/nerowander/MultiCheck/PocScan v0.0.0-20250507014416-523dd4f99d4d h1:T5ZSmAfk2lMEhOTwrl/h8nHRiB2pyfyidbnn4DuZRss=
github.com/nerowander/MultiCheck/PocScan v0.0.0-20250507014416-523dd4f99d4d/go.mod h1:KbvMWdT6AJFvlvWkDmNdDJEkujcaAxf23bNQvFf19x4=
github.com/nerowander/MultiCheck/PocScan v0.0.0-20250507025356-6bb8ba26524c h1:KDpNekBToBRxxEliGjnuD9GCqw6FVC6qzb5WOOm1JrY=
github.com/nerowander/MultiCheck/PocScan v0.0.0-20250507025356-6bb8ba26524c/go.mod h1:fjALVBNR36aU78qG7S9TAh/esbQ7c9OpnMJYxAaZ5Yg=
github.com/pkg/term v1.2.0-beta.2 h1:L3y/h2jkuBVFdWiJvNfYfKmzcCnILw7mJWm2JQuMppw=
github.com/pkg/term v1.2.0-beta.2/go.mod h1:E25nymQcrSllhX42Ok8MRm1+hyBdHY0dCeiKZ9jpNGw=
github.com/pmezard/go-difflib v1.0.0 h1:4DBwDE0NGyQoBHbLQYPwSUPoCMWR5BEzIk/f1lZbAQM=
github.com/pmezard/go-difflib v1.0.0/go.mod h1:iKH77koFhYxTK1pcRnkKkqfTogsbg7gZNVY4sRDYZ/4=
github.com/satori/go.uuid v1.2.0 h1:0uYX9dsZ2yD7q2RtLRtPSdGDWzjeM3TbMJP9utgA0ww=
github.com/satori/go.uuid v1.2.0/go.mod h1:dA0hQrYB0VpLJoorglMZABFdXlWrHn1NEOzdhQKdks0=
github.com/stacktitan/smb v0.0.0-20190531122847-da9a425dceb8 h1:GVFkBBJAEO3CpzIYcDDBdpUObzKwVW9okNWcLYL/nnU=
github.com/stacktitan/smb v0.0.0-20190531122847-da9a425dceb8/go.mod h1:phLSETqH/UJsBtwDVBxSfJKwwkbJcGyy2Q/h4k+bmww=
github.com/stoewer/go-strcase v1.2.0 h1:Z2iHWqGXH00XYgqDmNgQbIBxf3wrNq0F3feEy0ainaU=
github.com/stoewer/go-strcase v1.2.0/go.mod h1:IBiWB2sKIp3wVVQ3Y035++gc+knqhUQag1KpM8ahLw8=
github.com/stretchr/objx v0.1.0/go.mod h1:HFkY916IF+rwdDfMAkV7OtwuqBVzrE8GR6GFx+wExME=
github.com/stretchr/testify v1.5.1/go.mod h1:5W2xD1RspED5o8YsWQXVCued0rvSQ+mT+I5cxcmMvtA=
github.com/stretchr/testify v1.8.3 h1:RP3t2pwF7cMEbC1dqtB6poj3niw/9gnV4Cjg5oW5gtY=
github.com/stretchr/testify v1.8.3/go.mod h1:sz/lmYIOXD/1dqDmKjjqLyZ2RngseejIcXlSw2iwfAo=
golang.org/x/crypto v0.37.0 h1:kJNSjF/Xp7kU0iB2Z+9viTPMW4EqqsrywMXLJOOsXSE=
golang.org/x/crypto v0.37.0/go.mod h1:vg+k43peMZ0pUMhYmVAWysMK35e6ioLh3wB8ZCAfbVc=
golang.org/x/exp v0.0.0-20230515195305-f3d0a9c9a5cc h1:mCRnTeVUjcrhlRmO0VK8a6k6Rrf6TF9htwo2pJVSjIU=
golang.org/x/exp v0.0.0-20230515195305-f3d0a9c9a5cc/go.mod h1:V1LtkGg67GoY2N1AnLN78QLrzxkLyJw7RJb1gzOOz9w=
golang.org/x/sync v0.0.0-20190911185100-cd5d95a43a6e/go.mod h1:RxMgew5VJxzue5/jJTE5uejpjVlOe/izrB70Jof72aM=
golang.org/x/sys v0.0.0-20190222072716-a9d3bda3a223/go.mod h1:STP8DvDyc/dI5b8T5hshtkjS+E42TnysNCUPdjciGhY=
golang.org/x/sys v0.0.0-20191008105621-543471e840be/go.mod h1:h1NjWce9XRLGQEsW7wpKNCjG9DtNlClVuFLEZdDNbEs=
golang.org/x/sys v0.0.0-20191120155948-bd437916bb0e/go.mod h1:h1NjWce9XRLGQEsW7wpKNCjG9DtNlClVuFLEZdDNbEs=
golang.org/x/sys v0.0.0-20200116001909-b77594299b42/go.mod h1:h1NjWce9XRLGQEsW7wpKNCjG9DtNlClVuFLEZdDNbEs=
golang.org/x/sys v0.0.0-20200223170610-d5e6a3e2c0ae/go.mod h1:h1NjWce9XRLGQEsW7wpKNCjG9DtNlClVuFLEZdDNbEs=
golang.org/x/sys v0.0.0-20200909081042-eff7692f9009/go.mod h1:h1NjWce9XRLGQEsW7wpKNCjG9DtNlClVuFLEZdDNbEs=
golang.org/x/sys v0.0.0-20200918174421-af09f7315aff/go.mod h1:h1NjWce9XRLGQEsW7wpKNCjG9DtNlClVuFLEZdDNbEs=
golang.org/x/sys v0.0.0-20220811171246-fbc7d0a398ab/go.mod h1:oPkhp1MJrh7nUepCBck5+mAzfO9JrbApNNgaTdGDITg=
golang.org/x/sys v0.6.0/go.mod h1:oPkhp1MJrh7nUepCBck5+mAzfO9JrbApNNgaTdGDITg=
golang.org/x/sys v0.32.0 h1:s77OFDvIQeibCmezSnk/q6iAfkdiQaJi4VzroCFrN20=
golang.org/x/sys v0.32.0/go.mod h1:BJP2sWEmIv4KK5OTEluFJCKSidICx8ciO85XgH3Ak8k=
golang.org/x/term v0.31.0 h1:erwDkOK1Msy6offm1mOgvspSkslFnIGsFnxOKoufg3o=
golang.org/x/term v0.31.0/go.mod h1:R4BeIy7D95HzImkxGkTW1UQTtP54tio2RyHz7PwK0aw=
golang.org/x/text v0.24.0 h1:dd5Bzh4yt5KYA8f9CJHCP4FB4D51c2c6JvN37xJJkJ0=
golang.org/x/text v0.24.0/go.mod h1:L8rBsPeo2pSS+xqN0d5u2ikmjtmoJbDBT1b7nHvFCdU=
google.golang.org/genproto/googleapis/api v0.0.0-20250409194420-de1ac958c67a h1:OQ7sHVzkx6L57dQpzUS4ckfWJ51KDH74XHTDe23xWAs=
google.golang.org/genproto/googleapis/api v0.0.0-20250409194420-de1ac958c67a/go.mod h1:2R6XrVC8Oc08GlNh8ujEpc7HkLiEZ16QeY7FxIs20ac=
google.golang.org/genproto/googleapis/rpc v0.0.0-20250404141209-ee84b53bf3d0 h1:0K7wTWyzxZ7J+L47+LbFogJW1nn/gnnMCN0vGXNYtTI=
google.golang.org/genproto/googleapis/rpc v0.0.0-20250404141209-ee84b53bf3d0/go.mod h1:qQ0YXyHHx3XkvlzUtpXDkS29lDSafHMZBAZDc03LQ3A=
google.golang.org/protobuf v1.36.6 h1:z1NpPI8ku2WgiWnf+t9wTPsn6eP1L7ksHUlkfLvd9xY=
google.golang.org/protobuf v1.36.6/go.mod h1:jduwjTPXsFjZGTmRluh+L6NjiWu7pchiJ2/5YcXBHnY=
gopkg.in/check.v1 v0.0.0-20161208181325-20d25e280405 h1:yhCVgyC4o1eVCa2tZl7eS0r+SDo693bJlVdllGtEeKM=
gopkg.in/check.v1 v0.0.0-20161208181325-20d25e280405/go.mod h1:Co6ibVJAznAaIkqp8huTwlJQCZ016jof/cbN4VW5Yz0=
gopkg.in/yaml.v2 v2.2.2/go.mod h1:hI93XBmqTisBFMUTm0b8Fm+jr3Dg1NNxqwp+5A1VGuI=
gopkg.in/yaml.v2 v2.4.0 h1:D8xgwECY7CYvx+Y2n4sBz93Jn9JRvxdiyyo8CTfuKaY=
gopkg.in/yaml.v2 v2.4.0/go.mod h1:RDklbk79AGWmwhnvt/jBztapEOGDOx6ZbXqjP6csGnQ=
gopkg.in/yaml.v3 v3.0.1 h1:fxVm/GzAzEWqLHuvctI91KS9hhNmmWOoWu0XTYJS7CA=
gopkg.in/yaml.v3 v3.0.1/go.mod h1:K4uyk7z7BCEPqu6E+C64Yfv1cQ7kz7rIZviUmN+EgEM=
